[[package]]
name = "alphabet"
version = "0.0.8"
description = "Uses various methods to recognize text"
category = "main"
optional = false
python-versions = "*"

[package.dependencies]
filemagic = "*"
googletrans = "*"
pygments = "*"

[[package]]
name = "certifi"
version = "2021.10.8"
description = "Python package for providing Mozilla's CA Bundle."
category = "main"
optional = false
python-versions = "*"

[[package]]
name = "chardet"
version = "3.0.4"
description = "Universal encoding detector for Python 2 and 3"
category = "main"
optional = false
python-versions = "*"

[[package]]
name = "filemagic"
version = "1.6"
description = "A Python API for libmagic, the library behind the Unix file command"
category = "main"
optional = false
python-versions = "*"

[[package]]
name = "googletrans"
version = "3.0.0"
description = "Free Google Translate API for Python. Translates totally free of charge."
category = "main"
optional = false
python-versions = "*"

[package.dependencies]
httpx = "0.13.3"

[[package]]
name = "h11"
version = "0.9.0"
description = "A pure-Python, bring-your-own-I/O implementation of HTTP/1.1"
category = "main"
optional = false
python-versions = "*"

[[package]]
name = "h2"
version = "3.2.0"
description = "HTTP/2 State-Machine based protocol implementation"
category = "main"
optional = false
python-versions = "*"

[package.dependencies]
hpack = ">=3.0,<4"
hyperframe = ">=5.2.0,<6"

[[package]]
name = "hpack"
version = "3.0.0"
description = "Pure-Python HPACK header compression"
category = "main"
optional = false
python-versions = "*"

[[package]]
name = "hstspreload"
version = "2021.12.1"
description = "Chromium HSTS Preload list as a Python package"
category = "main"
optional = false
python-versions = ">=3.6"

[[package]]
name = "httpcore"
version = "0.9.1"
description = "A minimal low-level HTTP client."
category = "main"
optional = false
python-versions = ">=3.6"

[package.dependencies]
h11 = ">=0.8,<0.10"
h2 = ">=3.0.0,<4.0.0"
sniffio = ">=1.0.0,<2.0.0"

[[package]]
name = "httpx"
version = "0.13.3"
description = "The next generation HTTP client."
category = "main"
optional = false
python-versions = ">=3.6"

[package.dependencies]
certifi = "*"
chardet = ">=3.0.0,<4.0.0"
hstspreload = "*"
httpcore = ">=0.9.0,<0.10.0"
idna = ">=2.0.0,<3.0.0"
rfc3986 = ">=1.3,<2"
sniffio = "*"

[[package]]
name = "hyperframe"
version = "5.2.0"
description = "HTTP/2 framing layer for Python"
category = "main"
optional = false
python-versions = "*"

[[package]]
name = "idna"
version = "2.10"
description = "Internationalized Domain Names in Applications (IDNA)"
category = "main"
optional = false
python-versions = ">=2.7, !=3.0.*, !=3.1.*, !=3.2.*, !=3.3.*"

[[package]]
name = "pygame"
version = "2.1.2"
description = "Python Game Development"
category = "main"
optional = false
python-versions = ">=3.6"

[[package]]
name = "pygments"
version = "2.12.0"
description = "Pygments is a syntax highlighting package written in Python."
category = "main"
optional = false
python-versions = ">=3.6"

[[package]]
name = "rfc3986"
version = "1.5.0"
description = "Validating URI References per RFC 3986"
category = "main"
optional = false
python-versions = "*"

[package.extras]
idna2008 = ["idna"]

[[package]]
name = "sniffio"
version = "1.2.0"
description = "Sniff out which async library your code is running under"
category = "main"
optional = false
python-versions = ">=3.5"

[metadata]
lock-version = "1.1"
python-versions = "^3.8"
content-hash = "0f48af6945804225c10d66b9dae285b2c88c42869460a82be857e8714ef15619"

[metadata.files]
alphabet = [
    {file = "alphabet-0.0.8-py3-none-any.whl", hash = "sha256:50985e5fc5a16f10b4ed416fef264c33e0c44d52ebe73fcd1b2aafda23d4dd36"},
    {file = "alphabet-0.0.8.tar.gz", hash = "sha256:8df7dda2c1f3783c39e453da3805a0e41aa7c17de2ad62822b076cc4679692af"},
]
certifi = [
    {file = "certifi-2021.10.8-py2.py3-none-any.whl", hash = "sha256:d62a0163eb4c2344ac042ab2bdf75399a71a2d8c7d47eac2e2ee91b9d6339569"},
    {file = "certifi-2021.10.8.tar.gz", hash = "sha256:78884e7c1d4b00ce3cea67b44566851c4343c120abd683433ce934a68ea58872"},
]
chardet = [
    {file = "chardet-3.0.4-py2.py3-none-any.whl", hash = "sha256:fc323ffcaeaed0e0a02bf4d117757b98aed530d9ed4531e3e15460124c106691"},
    {file = "chardet-3.0.4.tar.gz", hash = "sha256:84ab92ed1c4d4f16916e05906b6b75a6c0fb5db821cc65e70cbd64a3e2a5eaae"},
]
filemagic = [
    {file = "filemagic-1.6.tar.gz", hash = "sha256:e684359ef40820fe406f0ebc5bf8a78f89717bdb7fed688af68082d991d6dbf3"},
]
googletrans = [
    {file = "googletrans-3.0.0.tar.gz", hash = "sha256:44caeea42d91ff6ead5c2d49db2b88de66c45c2fe874c8ec03eb9b4ceb3a533d"},
]
h11 = [
    {file = "h11-0.9.0-py2.py3-none-any.whl", hash = "sha256:4bc6d6a1238b7615b266ada57e0618568066f57dd6fa967d1290ec9309b2f2f1"},
    {file = "h11-0.9.0.tar.gz", hash = "sha256:33d4bca7be0fa039f4e84d50ab00531047e53d6ee8ffbc83501ea602c169cae1"},
]
h2 = [
    {file = "h2-3.2.0-py2.py3-none-any.whl", hash = "sha256:61e0f6601fa709f35cdb730863b4e5ec7ad449792add80d1410d4174ed139af5"},
    {file = "h2-3.2.0.tar.gz", hash = "sha256:875f41ebd6f2c44781259005b157faed1a5031df3ae5aa7bcb4628a6c0782f14"},
]
hpack = [
    {file = "hpack-3.0.0-py2.py3-none-any.whl", hash = "sha256:0edd79eda27a53ba5be2dfabf3b15780928a0dff6eb0c60a3d6767720e970c89"},
    {file = "hpack-3.0.0.tar.gz", hash = "sha256:8eec9c1f4bfae3408a3f30500261f7e6a65912dc138526ea054f9ad98892e9d2"},
]
hstspreload = [
    {file = "hstspreload-2021.12.1-py3-none-any.whl", hash = "sha256:e8f03aac620d1947d66e311b706b46cc24a36792b346db7b483f148360843921"},
    {file = "hstspreload-2021.12.1.tar.gz", hash = "sha256:d9cd749fbb6ff6ca1a8945c4a48cb6f33d2f6d066cb5f9752a8b64a134ed5260"},
]
httpcore = [
    {file = "httpcore-0.9.1-py3-none-any.whl", hash = "sha256:9850fe97a166a794d7e920590d5ec49a05488884c9fc8b5dba8561effab0c2a0"},
    {file = "httpcore-0.9.1.tar.gz", hash = "sha256:ecc5949310d9dae4de64648a4ce529f86df1f232ce23dcfefe737c24d21dfbe9"},
]
httpx = [
    {file = "httpx-0.13.3-py3-none-any.whl", hash = "sha256:32d930858eab677bc29a742aaa4f096de259f1c78c68a90ad11f5c3c04f08335"},
    {file = "httpx-0.13.3.tar.gz", hash = "sha256:3642bd13e90b80ba8a243a730275eb10a4c26ec96f5fc16b87e458d4ab21efae"},
]
hyperframe = [
    {file = "hyperframe-5.2.0-py2.py3-none-any.whl", hash = "sha256:5187962cb16dcc078f23cb5a4b110098d546c3f41ff2d4038a9896893bbd0b40"},
    {file = "hyperframe-5.2.0.tar.gz", hash = "sha256:a9f5c17f2cc3c719b917c4f33ed1c61bd1f8dfac4b1bd23b7c80b3400971b41f"},
]
idna = [
    {file = "idna-2.10-py2.py3-none-any.whl", hash = "sha256:b97d804b1e9b523befed77c48dacec60e6dcb0b5391d57af6a65a312a90648c0"},
    {file = "idna-2.10.tar.gz", hash = "sha256:b307872f855b18632ce0c21c5e45be78c0ea7ae4c15c828c20788b26921eb3f6"},
]
pygame = [
    {file = "pygame-2.1.2-cp310-cp310-macosx_10_9_x86_64.whl", hash = "sha256:f149e182d0eeef15d8a9b4c9dad1b87dc6eba3a99bd3c44a777a3a2b053a3dca"},
    {file = "pygame-2.1.2-cp310-cp310-macosx_11_0_arm64.whl", hash = "sha256:dc4444d61d48c5546df5137cdf81554887ddb6e2ef1be7f51eb77ea3b6bdd56f"},
    {file = "pygame-2.1.2-cp310-cp310-manylinux_2_12_i686.manylinux2010_i686.whl", hash = "sha256:a0ccf8e3dce7ca67d523a6020b7e3dbf4b26797a9a8db5cc4c7b5ef20fb64701"},
    {file = "pygame-2.1.2-cp310-cp310-manylinux_2_12_x86_64.manylinux2010_x86_64.whl", hash = "sha256:7889dce887ec83c9a0bef8d9eb3669d8863fdaf37c45bacec707d8ad90b24a38"},
    {file = "pygame-2.1.2-cp310-cp310-manylinux_2_17_aarch64.manylinux2014_aarch64.whl", hash = "sha256:db2f40d5a75fd9cdda473c58b0d8b294da6e0179f00bb3b1fc2f7f29cac09bea"},
    {file = "pygame-2.1.2-cp310-cp310-manylinux_2_17_i686.manylinux2014_i686.whl", hash = "sha256:e4b4cd440d50a9f8551b8989e856aab175593af07eb825cad22fd2f8f6f2ffce"},
    {file = "pygame-2.1.2-cp310-cp310-manylinux_2_17_x86_64.manylinux2014_x86_64.whl", hash = "sha256:754c2906f2ef47173a14493e1de116b2a56a2c8e1764f1202ba844d080248a5b"},
    {file = "pygame-2.1.2-cp310-cp310-win32.whl", hash = "sha256:c99b95e62cdda29c2e60235d7763447c168a6a877403e6f9ca5b2e2bb297c2ce"},
    {file = "pygame-2.1.2-cp310-cp310-win_amd64.whl", hash = "sha256:9649419254d3282dae41f23837de4108b17bc62187c3acd8af2ae3801b765cbd"},
    {file = "pygame-2.1.2-cp36-cp36m-macosx_10_9_x86_64.whl", hash = "sha256:dcc285ee1f1d0e2672cc52f880fd3f564b1505de710e817f692fbf64a72ca657"},
    {file = "pygame-2.1.2-cp36-cp36m-manylinux_2_12_i686.manylinux2010_i686.whl", hash = "sha256:e1bb25986db77a48f632469c6bc61baf7508ce945aa6161c02180d4ee5ac5b8d"},
    {file = "pygame-2.1.2-cp36-cp36m-manylinux_2_12_x86_64.manylinux2010_x86_64.whl", hash = "sha256:e7a8e18677e0064b7a422f6653a622652d932826a27e50f279d55a8b122a1a83"},
    {file = "pygame-2.1.2-cp36-cp36m-manylinux_2_17_aarch64.manylinux2014_aarch64.whl", hash = "sha256:dd528dbb91eca16f7522c975d0f9e94b95f6b5024c82c3247dc0383d242d33c6"},
    {file = "pygame-2.1.2-cp36-cp36m-manylinux_2_17_i686.manylinux2014_i686.whl", hash = "sha256:fcc9586e17875c0cdf8764597955f9daa979098fd4f80be07ed68276ac225480"},
    {file = "pygame-2.1.2-cp36-cp36m-manylinux_2_17_x86_64.manylinux2014_x86_64.whl", hash = "sha256:c9ce7f3d8af14d7e04eb7eb41c5e5313c43508c252bb2b9eb53e51fc87ada9fd"},
    {file = "pygame-2.1.2-cp36-cp36m-manylinux_2_5_i686.manylinux1_i686.whl", hash = "sha256:e09044e9e1aa8512d6a9c7ce5f94b881824bcfc401105f3c24f546dfc3bb4aa5"},
    {file = "pygame-2.1.2-cp36-cp36m-manylinux_2_5_x86_64.manylinux1_x86_64.whl", hash = "sha256:40e4d8d65985bb467d9c5a1305fb53fd6820c61d764979600becab973339676f"},
    {file = "pygame-2.1.2-cp36-cp36m-win32.whl", hash = "sha256:50d9a21edd551669862c27c9272747401b20b1939abaacb842c08ea1cdd1c04d"},
    {file = "pygame-2.1.2-cp36-cp36m-win_amd64.whl", hash = "sha256:e18c9466131378421d00fc40b637425229238d506a073d9c537b230b355a25d6"},
    {file = "pygame-2.1.2-cp37-cp37m-macosx_10_9_x86_64.whl", hash = "sha256:07ca9f683075aea9bd977af9f09a720ebf747343d3ea8103e4f1735283b02330"},
    {file = "pygame-2.1.2-cp37-cp37m-manylinux_2_12_i686.manylinux2010_i686.whl", hash = "sha256:3c8d6637ff75351e581327efefa9d04eeb0f257b533392b6cc6b15ceca4f7c5e"},
    {file = "pygame-2.1.2-cp37-cp37m-manylinux_2_12_x86_64.manylinux2010_x86_64.whl", hash = "sha256:5ebbefb8b576572c8fc97a3321d37dc2b4afea6b6e3877a67f7158d8c2c4cefe"},
    {file = "pygame-2.1.2-cp37-cp37m-manylinux_2_17_aarch64.manylinux2014_aarch64.whl", hash = "sha256:9d6452419e01a0f848aed0597f69fd10a4c2a7750c15d1b0607f86090a39dcf3"},
    {file = "pygame-2.1.2-cp37-cp37m-manylinux_2_17_i686.manylinux2014_i686.whl", hash = "sha256:e627300a66a90651fb39e41601d447b1fdbbfffca3f08ef0278d6cc0436b2160"},
    {file = "pygame-2.1.2-cp37-cp37m-manylinux_2_17_x86_64.manylinux2014_x86_64.whl", hash = "sha256:a56a811d8821f7b9a594e3d0e0dd8bd39b25e3eea8963d5963263b90fd2ea5c2"},
    {file = "pygame-2.1.2-cp37-cp37m-manylinux_2_5_i686.manylinux1_i686.whl", hash = "sha256:24b4f7f30fa2b3d092b60be6fcc725fb91d569fc87a9bcc91614ee8b0c005726"},
    {file = "pygame-2.1.2-cp37-cp37m-manylinux_2_5_x86_64.manylinux1_x86_64.whl", hash = "sha256:8e87716114e97322fb177e223d889a4be369a0f73212f4f8507fe0cd43253b23"},
    {file = "pygame-2.1.2-cp37-cp37m-win32.whl", hash = "sha256:20676da24e3e3e6b9fc4eecc7ba09d77ef46c3a83a028763ba1d222476c2e3fb"},
    {file = "pygame-2.1.2-cp37-cp37m-win_amd64.whl", hash = "sha256:93c4cbfc942dd00410eaa9e84252129f9f9993f37f683006d7b49ab245342254"},
    {file = "pygame-2.1.2-cp38-cp38-macosx_10_9_x86_64.whl", hash = "sha256:2405414d8c572668e04739875661e030a0c588e197fa95463fe301c3d0a0510b"},
    {file = "pygame-2.1.2-cp38-cp38-macosx_11_0_arm64.whl", hash = "sha256:e8632f6b2ddb90f6f3950744bd65d5ef15af615e3034057fa30ff836f48a7179"},
    {file = "pygame-2.1.2-cp38-cp38-manylinux_2_12_i686.manylinux2010_i686.whl", hash = "sha256:ca5ef1315fa67c241a657ab077be44f230c05740c95f0b46409457dceefdc7e5"},
    {file = "pygame-2.1.2-cp38-cp38-manylinux_2_12_x86_64.manylinux2010_x86_64.whl", hash = "sha256:1219a963941bd53aa754e8449364c142004fe706c33a9c22ff2a76521a82d078"},
    {file = "pygame-2.1.2-cp38-cp38-manylinux_2_17_aarch64.manylinux2014_aarch64.whl", hash = "sha256:3bb0674aa789848ddc264bfc60c54965bf3bb659c141de4f600e379acc9b944c"},
    {file = "pygame-2.1.2-cp38-cp38-manylinux_2_17_i686.manylinux2014_i686.whl", hash = "sha256:24254c4244f0d9bdc904f5d3f38e86757ca4c6aa0e44a6d55ef5e016bc7274d6"},
    {file = "pygame-2.1.2-cp38-cp38-manylinux_2_17_x86_64.manylinux2014_x86_64.whl", hash = "sha256:97a74ba186deee68318a52637012ef6abf5be6282c659e1d1ba6ad08cf35ec85"},
    {file = "pygame-2.1.2-cp38-cp38-manylinux_2_5_i686.manylinux1_i686.whl", hash = "sha256:0e97d38308c441942577fea7fcd1326308bc56d6be6c024218e94d075d322e0f"},
    {file = "pygame-2.1.2-cp38-cp38-manylinux_2_5_x86_64.manylinux1_x86_64.whl", hash = "sha256:ea36f4f93524554a35cac2359df63b50af6556ed866830aa1f07f0d8580280ea"},
    {file = "pygame-2.1.2-cp38-cp38-win32.whl", hash = "sha256:4aa3ae32320cc704d63e185864e44f6265c2a6e52c9384afe152cc3d51b3a2ef"},
    {file = "pygame-2.1.2-cp38-cp38-win_amd64.whl", hash = "sha256:9d7b021b8dde5d528363e474bc18bd6f79a9666eef89fb4859bcb8f0a536c9de"},
    {file = "pygame-2.1.2-cp39-cp39-macosx_10_9_x86_64.whl", hash = "sha256:660c80c0b2e80f1f801715583b759fb4c7bc0c11eb3b534e89c9fc4bfbc38acd"},
    {file = "pygame-2.1.2-cp39-cp39-macosx_11_0_arm64.whl", hash = "sha256:dad6bf3fdd3752d7519422f3732be779b98fe7c87d32c3efe2fdffdcbeebb6ca"},
    {file = "pygame-2.1.2-cp39-cp39-manylinux_2_12_i686.manylinux2010_i686.whl", hash = "sha256:119dee20c372c85dc47b717119534d15a60c64ceab8b0eb09278866d10486afe"},
    {file = "pygame-2.1.2-cp39-cp39-manylinux_2_12_x86_64.manylinux2010_x86_64.whl", hash = "sha256:fc2e5db54491e8f27785fc5204c96f540d3557dcf5b0a9a857b6594d6b32561b"},
    {file = "pygame-2.1.2-cp39-cp39-manylinux_2_17_aarch64.manylinux2014_aarch64.whl", hash = "sha256:d2d3c50ee9847b743db6cd7b1bb17a94c2c2abc16679d70f5e745cabdf19e655"},
    {file = "pygame-2.1.2-cp39-cp39-manylinux_2_17_i686.manylinux2014_i686.whl", hash = "sha256:6ecda8dd4583982bb65f9c682f244a5e94524dcf628379766227e9ed97201a49"},
    {file = "pygame-2.1.2-cp39-cp39-manylinux_2_17_x86_64.manylinux2014_x86_64.whl", hash = "sha256:0e06ae8e1c830f1b9c36a2bc6bb11de840232e95b78e2c349c6ed803a303be19"},
    {file = "pygame-2.1.2-cp39-cp39-manylinux_2_5_i686.manylinux1_i686.whl", hash = "sha256:c5ea87da5fe4b6164c3854f3b0c9146811dbad0dd7fa74297683dfacc485ae1c"},
    {file = "pygame-2.1.2-cp39-cp39-manylinux_2_5_x86_64.manylinux1_x86_64.whl", hash = "sha256:0427c103f741234336e5606d2fad86f5403c1a3d1dc55c309fbff3c984f0c9ae"},
    {file = "pygame-2.1.2-cp39-cp39-win32.whl", hash = "sha256:5e88b0d4338b94960686f59396f23f7f684fed4859fcc3b9f40286d72c1c61af"},
    {file = "pygame-2.1.2-cp39-cp39-win_amd64.whl", hash = "sha256:5d0c14152d0ca8ef5fbcc5ed9981462bdf59a9ae85a291e62d8a8d0b7e5cbe43"},
    {file = "pygame-2.1.2-pp36-pypy36_pp73-win32.whl", hash = "sha256:636f51f56615d67459b11918206bb4da30cd7d7042027bf997c218ccd6c77902"},
    {file = "pygame-2.1.2-pp37-pypy37_pp73-macosx_10_9_x86_64.whl", hash = "sha256:ff961c3280d6ee5f4163f4772f963d7a4dbe42e36c6dd54b79ad436c1f046e5d"},
    {file = "pygame-2.1.2-pp37-pypy37_pp73-manylinux_2_12_i686.manylinux2010_i686.whl", hash = "sha256:fc30e834f65b893d1b4c230070183bf98e6b70c41c1511687e8436a33d5ce49d"},
    {file = "pygame-2.1.2-pp37-pypy37_pp73-manylinux_2_12_x86_64.manylinux2010_x86_64.whl", hash = "sha256:5c7600bf307de1ca1dca0cc7840e34604d5b0b0a5a5dad345c3fa62b054b886d"},
    {file = "pygame-2.1.2-pp37-pypy37_pp73-manylinux_2_17_i686.manylinux2014_i686.whl", hash = "sha256:7fdb93b4282962c9a2ebf1af994ee698be823dd913218ed97a5f2fb372b10b66"},
    {file = "pygame-2.1.2-pp37-pypy37_pp73-manylinux_2_17_x86_64.manylinux2014_x86_64.whl", hash = "sha256:1fddec8829e96424800c806582d73a5173b7d48946cccf7d035839ca09850db8"},
    {file = "pygame-2.1.2.tar.gz", hash = "sha256:d6d0eca28f886f0477cd0721ac688189155a587f2bb8eae740e52ca56c3ad23c"},
]
pygments = [
    {file = "Pygments-2.12.0-py3-none-any.whl", hash = "sha256:dc9c10fb40944260f6ed4c688ece0cd2048414940f1cea51b8b226318411c519"},
    {file = "Pygments-2.12.0.tar.gz", hash = "sha256:5eb116118f9612ff1ee89ac96437bb6b49e8f04d8a13b514ba26f620208e26eb"},
]
rfc3986 = [
    {file = "rfc3986-1.5.0-py2.py3-none-any.whl", hash = "sha256:a86d6e1f5b1dc238b218b012df0aa79409667bb209e58da56d0b94704e712a97"},
    {file = "rfc3986-1.5.0.tar.gz", hash = "sha256:270aaf10d87d0d4e095063c65bf3ddbc6ee3d0b226328ce21e036f946e421835"},
]
sniffio = [
    {file = "sniffio-1.2.0-py3-none-any.whl", hash = "sha256:471b71698eac1c2112a40ce2752bb2f4a4814c22a54a3eed3676bc0f5ca9f663"},
    {file = "sniffio-1.2.0.tar.gz", hash = "sha256:c4666eecec1d3f50960c6bdf61ab7bc350648da6c126e3cf6898d8cd4ddcd3de"},
]
